
Microsoft Visual Studio Solution File, Format Version 12.00
Project("{FAE04EC0-301F-11D3-BF4B-00C04F79EFBC}") = "CodeChallenge.DisbursementsVerifier.Api.UnitTests", "CodeChallenge.DisbursementsVerifier.Api.UnitTests\CodeChallenge.DisbursementsVerifier.Api.UnitTests.csproj", "{1C6FC70F-B632-4993-8798-2D2B33242A4E}"
EndProject
Project("{FAE04EC0-301F-11D3-BF4B-00C04F79EFBC}") = "CodeChallenge.DisbursementsVerifier.Api", "CodeChallenge.DisbursementsVerifier.Api\CodeChallenge.DisbursementsVerifier.Api.csproj", "{CF4203DE-1F36-4679-9503-0C4025A568C9}"
EndProject
Global
	GlobalSection(SolutionConfigurationPlatforms) = preSolution
		Debug|Any CPU = Debug|Any CPU
		Release|Any CPU = Release|Any CPU
	EndGlobalSection
	GlobalSection(ProjectConfigurationPlatforms) = postSolution
		{1C6FC70F-B632-4993-8798-2D2B33242A4E}.Debug|Any CPU.ActiveCfg = Debug|Any CPU
		{1C6FC70F-B632-4993-8798-2D2B33242A4E}.Debug|Any CPU.Build.0 = Debug|Any CPU
		{1C6FC70F-B632-4993-8798-2D2B33242A4E}.Release|Any CPU.ActiveCfg = Release|Any CPU
		{1C6FC70F-B632-4993-8798-2D2B33242A4E}.Release|Any CPU.Build.0 = Release|Any CPU
		{CF4203DE-1F36-4679-9503-0C4025A568C9}.Debug|Any CPU.ActiveCfg = Debug|Any CPU
		{CF4203DE-1F36-4679-9503-0C4025A568C9}.Debug|Any CPU.Build.0 = Debug|Any CPU
		{CF4203DE-1F36-4679-9503-0C4025A568C9}.Release|Any CPU.ActiveCfg = Release|Any CPU
		{CF4203DE-1F36-4679-9503-0C4025A568C9}.Release|Any CPU.Build.0 = Release|Any CPU
	EndGlobalSection
EndGlobal
